# THIS IS AN AUTOGENERATED FILE. DO NOT EDIT THIS FILE DIRECTLY.
# yarn lockfile v1


"@otplib/core@^12.0.1":
  version "12.0.1"
  resolved "https://registry.yarnpkg.com/@otplib/core/-/core-12.0.1.tgz#73720a8cedce211fe5b3f683cd5a9c098eaf0f8d"
  integrity sha512-4sGntwbA/AC+SbPhbsziRiD+jNDdIzsZ3JUyfZwjtKyc/wufl1pnSIaG4Uqx8ymPagujub0o92kgBnB89cuAMA==

"@otplib/plugin-crypto@^12.0.1":
  version "12.0.1"
  resolved "https://registry.yarnpkg.com/@otplib/plugin-crypto/-/plugin-crypto-12.0.1.tgz#2b42c624227f4f9303c1c041fca399eddcbae25e"
  integrity sha512-qPuhN3QrT7ZZLcLCyKOSNhuijUi9G5guMRVrxq63r9YNOxxQjPm59gVxLM+7xGnHnM6cimY57tuKsjK7y9LM1g==
  dependencies:
    "@otplib/core" "^12.0.1"

"@otplib/plugin-thirty-two@^12.0.1":
  version "12.0.1"
  resolved "https://registry.yarnpkg.com/@otplib/plugin-thirty-two/-/plugin-thirty-two-12.0.1.tgz#5cc9b56e6e89f2a1fe4a2b38900ca4e11c87aa9e"
  integrity sha512-MtT+uqRso909UkbrrYpJ6XFjj9D+x2Py7KjTO9JDPhL0bJUYVu5kFP4TFZW4NFAywrAtFRxOVY261u0qwb93gA==
  dependencies:
    "@otplib/core" "^12.0.1"
    thirty-two "^1.0.2"

"@otplib/preset-default@^12.0.1":
  version "12.0.1"
  resolved "https://registry.yarnpkg.com/@otplib/preset-default/-/preset-default-12.0.1.tgz#cb596553c08251e71b187ada4a2246ad2a3165ba"
  integrity sha512-xf1v9oOJRyXfluBhMdpOkr+bsE+Irt+0D5uHtvg6x1eosfmHCsCC6ej/m7FXiWqdo0+ZUI6xSKDhJwc8yfiOPQ==
  dependencies:
    "@otplib/core" "^12.0.1"
    "@otplib/plugin-crypto" "^12.0.1"
    "@otplib/plugin-thirty-two" "^12.0.1"

"@otplib/preset-v11@^12.0.1":
  version "12.0.1"
  resolved "https://registry.yarnpkg.com/@otplib/preset-v11/-/preset-v11-12.0.1.tgz#4c7266712e7230500b421ba89252963c838fc96d"
  integrity sha512-9hSetMI7ECqbFiKICrNa4w70deTUfArtwXykPUvSHWOdzOlfa9ajglu7mNCntlvxycTiOAXkQGwjQCzzDEMRMg==
  dependencies:
    "@otplib/core" "^12.0.1"
    "@otplib/plugin-crypto" "^12.0.1"
    "@otplib/plugin-thirty-two" "^12.0.1"

"@types/node@^15.3.1":
  version "15.3.1"
  resolved "https://registry.yarnpkg.com/@types/node/-/node-15.3.1.tgz#23a06b87eedb524016616e886b116b8fdcb180af"
  integrity sha512-weaeiP4UF4XgF++3rpQhpIJWsCTS4QJw5gvBhQu6cFIxTwyxWIe3xbnrY/o2lTCQ0lsdb8YIUDUvLR4Vuz5rbw==

axios@^0.21.1:
  version "0.21.1"
  resolved "https://registry.yarnpkg.com/axios/-/axios-0.21.1.tgz#22563481962f4d6bde9a76d516ef0e5d3c09b2b8"
  integrity sha512-dKQiRHxGD9PPRIUNIWvZhPTPpl1rf/OxTYKsqKUDjBwYylTvV7SjSHJb9ratfyzM6wCdLCOYLzs73qpg5c4iGA==
  dependencies:
    follow-redirects "^1.10.0"

follow-redirects@^1.10.0:
  version "1.14.1"
  resolved "https://registry.yarnpkg.com/follow-redirects/-/follow-redirects-1.14.1.tgz#d9114ded0a1cfdd334e164e6662ad02bfd91ff43"
  integrity sha512-HWqDgT7ZEkqRzBvc2s64vSZ/hfOceEol3ac/7tKwzuvEyWx3/4UegXh5oBOIotkGsObyk3xznnSRVADBgWSQVg==

node-fetch@^2.6.1:
  version "2.6.1"
  resolved "https://registry.yarnpkg.com/node-fetch/-/node-fetch-2.6.1.tgz#045bd323631f76ed2e2b55573394416b639a0052"
  integrity sha512-V4aYg89jEoVRxRb2fJdAg8FHvI7cEyYdVAh94HH0UIK8oJxUfkjlDQN9RbMx+bEjP7+ggMiFRprSti032Oipxw==

otplib@^12.0.1:
  version "12.0.1"
  resolved "https://registry.yarnpkg.com/otplib/-/otplib-12.0.1.tgz#c1d3060ab7aadf041ed2960302f27095777d1f73"
  integrity sha512-xDGvUOQjop7RDgxTQ+o4pOol0/3xSZzawTiPKRrHnQWAy0WjhNs/5HdIDJCrqC4MBynmjXgULc6YfioaxZeFgg==
  dependencies:
    "@otplib/core" "^12.0.1"
    "@otplib/preset-default" "^12.0.1"
    "@otplib/preset-v11" "^12.0.1"

thirty-two@^1.0.2:
  version "1.0.2"
  resolved "https://registry.yarnpkg.com/thirty-two/-/thirty-two-1.0.2.tgz#4ca2fffc02a51290d2744b9e3f557693ca6b627a"
  integrity sha1-TKL//AKlEpDSdEueP1V2k8prYno=

typescript@^4.2.4:
  version "4.2.4"
  resolved "https://registry.yarnpkg.com/typescript/-/typescript-4.2.4.tgz#8610b59747de028fda898a8aef0e103f156d0961"
  integrity sha512-V+evlYHZnQkaz8TRBuxTA92yZBPotr5H+WhQ7bD3hZUndx5tGOa1fuCgeSjxAzM1RiN5IzvadIXTVefuuwZCRg==
